// !$*UTF8*$!
{
	archiveVersion = 1;
	classes = {
	};
	objectVersion = 51;
	objects = {

/* Begin PBXBuildFile section */
		03D90C432C58398DAAFD15A5 /* Pods_AHS20_AHS20UITests.framework in Frameworks */ = {isa = PBXBuildFile; fileRef = 2FCF37F53DEBD054FFAE137F /* Pods_AHS20_AHS20UITests.framework */; };
		330B4D4D2484CA4C001087E9 /* NotificationSettingsWrapper.swift in Sources */ = {isa = PBXBuildFile; fileRef = 330B4D4C2484CA4C001087E9 /* NotificationSettingsWrapper.swift */; };
		330D3E10241D5E8C007D0628 /* AppDelegate.swift in Sources */ = {isa = PBXBuildFile; fileRef = 330D3E0F241D5E8C007D0628 /* AppDelegate.swift */; };
		330D3E12241D5E8C007D0628 /* SceneDelegate.swift in Sources */ = {isa = PBXBuildFile; fileRef = 330D3E11241D5E8C007D0628 /* SceneDelegate.swift */; };
		330D3E14241D5E8C007D0628 /* homePage.swift in Sources */ = {isa = PBXBuildFile; fileRef = 330D3E13241D5E8C007D0628 /* homePage.swift */; };
		330D3E17241D5E8C007D0628 /* Main.storyboard in Resources */ = {isa = PBXBuildFile; fileRef = 330D3E15241D5E8C007D0628 /* Main.storyboard */; };
		330D3E19241D5E8D007D0628 /* Assets.xcassets in Resources */ = {isa = PBXBuildFile; fileRef = 330D3E18241D5E8D007D0628 /* Assets.xcassets */; };
		330D3E1C241D5E8D007D0628 /* LaunchScreen.storyboard in Resources */ = {isa = PBXBuildFile; fileRef = 330D3E1A241D5E8D007D0628 /* LaunchScreen.storyboard */; };
		330D3E27241D5E8D007D0628 /* AHS20Tests.swift in Sources */ = {isa = PBXBuildFile; fileRef = 330D3E26241D5E8D007D0628 /* AHS20Tests.swift */; };
		330D3E32241D5E8D007D0628 /* AHS20UITests.swift in Sources */ = {isa = PBXBuildFile; fileRef = 330D3E31241D5E8D007D0628 /* AHS20UITests.swift */; };
		331793F22464FEF5007CF7B7 /* notificationSettings.swift in Sources */ = {isa = PBXBuildFile; fileRef = 331793F12464FEF5007CF7B7 /* notificationSettings.swift */; };
		3343E25D244D0D1B0009D136 /* SFProDisplay-Black.ttf in Resources */ = {isa = PBXBuildFile; fileRef = 3343E25C244D0D1B0009D136 /* SFProDisplay-Black.ttf */; };
		3343E25E244D0D1B0009D136 /* SFProDisplay-Black.ttf in Resources */ = {isa = PBXBuildFile; fileRef = 3343E25C244D0D1B0009D136 /* SFProDisplay-Black.ttf */; };
		3343E25F244D0D1B0009D136 /* SFProDisplay-Black.ttf in Resources */ = {isa = PBXBuildFile; fileRef = 3343E25C244D0D1B0009D136 /* SFProDisplay-Black.ttf */; };
		3343E261244D0DD30009D136 /* SFProDisplay-Semibold.ttf in Resources */ = {isa = PBXBuildFile; fileRef = 3343E260244D0DD30009D136 /* SFProDisplay-Semibold.ttf */; };
		3343E262244D0DD30009D136 /* SFProDisplay-Semibold.ttf in Resources */ = {isa = PBXBuildFile; fileRef = 3343E260244D0DD30009D136 /* SFProDisplay-Semibold.ttf */; };
		3343E263244D0DD30009D136 /* SFProDisplay-Semibold.ttf in Resources */ = {isa = PBXBuildFile; fileRef = 3343E260244D0DD30009D136 /* SFProDisplay-Semibold.ttf */; };
		3343E265244D0DD80009D136 /* SFProText-Bold.ttf in Resources */ = {isa = PBXBuildFile; fileRef = 3343E264244D0DD80009D136 /* SFProText-Bold.ttf */; };
		3343E266244D0DD80009D136 /* SFProText-Bold.ttf in Resources */ = {isa = PBXBuildFile; fileRef = 3343E264244D0DD80009D136 /* SFProText-Bold.ttf */; };
		3343E267244D0DD80009D136 /* SFProText-Bold.ttf in Resources */ = {isa = PBXBuildFile; fileRef = 3343E264244D0DD80009D136 /* SFProText-Bold.ttf */; };
		3343E269244D0E7E0009D136 /* SFProDisplay-Regular.ttf in Resources */ = {isa = PBXBuildFile; fileRef = 3343E268244D0E7E0009D136 /* SFProDisplay-Regular.ttf */; };
		3343E26A244D0E7E0009D136 /* SFProDisplay-Regular.ttf in Resources */ = {isa = PBXBuildFile; fileRef = 3343E268244D0E7E0009D136 /* SFProDisplay-Regular.ttf */; };
		3343E26B244D0E7E0009D136 /* SFProDisplay-Regular.ttf in Resources */ = {isa = PBXBuildFile; fileRef = 3343E268244D0E7E0009D136 /* SFProDisplay-Regular.ttf */; };
		334E1EF9241DB50000D482B4 /* Assets in Resources */ = {isa = PBXBuildFile; fileRef = 334E1EF8241DB50000D482B4 /* Assets */; };
		3354C8D824664AA5008C0F67 /* termsandagreementsPage.swift in Sources */ = {isa = PBXBuildFile; fileRef = 3354C8D724664AA5008C0F67 /* termsandagreementsPage.swift */; };
		3354C8DA24664C9B008C0F67 /* creditsPage.swift in Sources */ = {isa = PBXBuildFile; fileRef = 3354C8D924664C9B008C0F67 /* creditsPage.swift */; };
		33B77F2C249ED23300A74B3A /* notificationFunc.swift in Sources */ = {isa = PBXBuildFile; fileRef = 33B77F2B249ED23300A74B3A /* notificationFunc.swift */; };
		33B77F2E249ED26F00A74B3A /* savedArticleClass.swift in Sources */ = {isa = PBXBuildFile; fileRef = 33B77F2D249ED26F00A74B3A /* savedArticleClass.swift */; };
		33B77F30249ED2B200A74B3A /* epochClass.swift in Sources */ = {isa = PBXBuildFile; fileRef = 33B77F2F249ED2B200A74B3A /* epochClass.swift */; };
		33B77F32249ED2E500A74B3A /* extensions.swift in Sources */ = {isa = PBXBuildFile; fileRef = 33B77F31249ED2E500A74B3A /* extensions.swift */; };
		33CB33CD24BC0F11005BB736 /* bulletinFunc.swift in Sources */ = {isa = PBXBuildFile; fileRef = 33CB33CC24BC0F11005BB736 /* bulletinFunc.swift */; };
		33CD41B42453ECAB008E6558 /* savedPage.swift in Sources */ = {isa = PBXBuildFile; fileRef = 33CD41B32453ECAB008E6558 /* savedPage.swift */; };
		33CD41B52453ECAB008E6558 /* savedPage.swift in Sources */ = {isa = PBXBuildFile; fileRef = 33CD41B32453ECAB008E6558 /* savedPage.swift */; };
		33CD41B62453ECAB008E6558 /* savedPage.swift in Sources */ = {isa = PBXBuildFile; fileRef = 33CD41B32453ECAB008E6558 /* savedPage.swift */; };
		33CD41B82453ED78008E6558 /* notificationsPage.swift in Sources */ = {isa = PBXBuildFile; fileRef = 33CD41B72453ED78008E6558 /* notificationsPage.swift */; };
		33CD41B92453ED78008E6558 /* notificationsPage.swift in Sources */ = {isa = PBXBuildFile; fileRef = 33CD41B72453ED78008E6558 /* notificationsPage.swift */; };
		33CD41BA2453ED78008E6558 /* notificationsPage.swift in Sources */ = {isa = PBXBuildFile; fileRef = 33CD41B72453ED78008E6558 /* notificationsPage.swift */; };
		33CF84AF24512CB500F8872A /* HARLOWSI.ttf in Resources */ = {isa = PBXBuildFile; fileRef = 33CF84AE24512CB500F8872A /* HARLOWSI.ttf */; };
		33CF84B024512CB500F8872A /* HARLOWSI.ttf in Resources */ = {isa = PBXBuildFile; fileRef = 33CF84AE24512CB500F8872A /* HARLOWSI.ttf */; };
		33CF84B124512CB500F8872A /* HARLOWSI.ttf in Resources */ = {isa = PBXBuildFile; fileRef = 33CF84AE24512CB500F8872A /* HARLOWSI.ttf */; };
		33E69202243ACA970004E2F1 /* CustomUITabController.swift in Sources */ = {isa = PBXBuildFile; fileRef = 33E69201243ACA970004E2F1 /* CustomUITabController.swift */; };
		33E69204243AD1F20004E2F1 /* bulletinPage.swift in Sources */ = {isa = PBXBuildFile; fileRef = 33E69203243AD1F20004E2F1 /* bulletinPage.swift */; };
		33E69208243AD21F0004E2F1 /* settingPage.swift in Sources */ = {isa = PBXBuildFile; fileRef = 33E69207243AD21F0004E2F1 /* settingPage.swift */; };
		33E80ED9244FBBB900020640 /* articlePage.swift in Sources */ = {isa = PBXBuildFile; fileRef = 33E80ED8244FBBB900020640 /* articlePage.swift */; };
		33E80EDB244FD76900020640 /* general.swift in Sources */ = {isa = PBXBuildFile; fileRef = 33E80EDA244FD76900020640 /* general.swift */; };
		33FAC3F424C0115700684537 /* hrefFunctions.swift in Sources */ = {isa = PBXBuildFile; fileRef = 33FAC3F324C0115700684537 /* hrefFunctions.swift */; };
		33FB5EAE248F32210059EE61 /* GoogleService-Info.plist in Resources */ = {isa = PBXBuildFile; fileRef = 33FB5EAD248F32210059EE61 /* GoogleService-Info.plist */; };
		33FB5EAF248F32210059EE61 /* GoogleService-Info.plist in Resources */ = {isa = PBXBuildFile; fileRef = 33FB5EAD248F32210059EE61 /* GoogleService-Info.plist */; };
		33FB5EB0248F32210059EE61 /* GoogleService-Info.plist in Resources */ = {isa = PBXBuildFile; fileRef = 33FB5EAD248F32210059EE61 /* GoogleService-Info.plist */; };
		64134687E6F71D55D287A00B /* Pods_AHS20Tests.framework in Frameworks */ = {isa = PBXBuildFile; fileRef = 333AD720161C30D24A5F236D /* Pods_AHS20Tests.framework */; };
		E406DBEA3DD0D37A9C4F2DBB /* Pods_AHS20.framework in Frameworks */ = {isa = PBXBuildFile; fileRef = 8435FB9CC697DFCCBEF005AE /* Pods_AHS20.framework */; };
/* End PBXBuildFile section */

/* Begin PBXContainerItemProxy section */
		330D3E23241D5E8D007D0628 /* PBXContainerItemProxy */ = {
			isa = PBXContainerItemProxy;
			containerPortal = 330D3E04241D5E8B007D0628 /* Project object */;
			proxyType = 1;
			remoteGlobalIDString = 330D3E0B241D5E8C007D0628;
			remoteInfo = AHS20;
		};
		330D3E2E241D5E8D007D0628 /* PBXContainerItemProxy */ = {
			isa = PBXContainerItemProxy;
			containerPortal = 330D3E04241D5E8B007D0628 /* Project object */;
			proxyType = 1;
			remoteGlobalIDString = 330D3E0B241D5E8C007D0628;
			remoteInfo = AHS20;
		};
/* End PBXContainerItemProxy section */

/* Begin PBXFileReference section */
		060D98B3340FC7258FF4C04C /* Pods-AHS20.release.xcconfig */ = {isa = PBXFileReference; includeInIndex = 1; lastKnownFileType = text.xcconfig; name = "Pods-AHS20.release.xcconfig"; path = "Target Support Files/Pods-AHS20/Pods-AHS20.release.xcconfig"; sourceTree = "<group>"; };
		08ACA3FA6EC26EC03C1FF4C6 /* Pods-AHS20Tests.release.xcconfig */ = {isa = PBXFileReference; includeInIndex = 1; lastKnownFileType = text.xcconfig; name = "Pods-AHS20Tests.release.xcconfig"; path = "Target Support Files/Pods-AHS20Tests/Pods-AHS20Tests.release.xcconfig"; sourceTree = "<group>"; };
		17C723ECCC56EA9B30FF6456 /* Pods-AHS20Tests.debug.xcconfig */ = {isa = PBXFileReference; includeInIndex = 1; lastKnownFileType = text.xcconfig; name = "Pods-AHS20Tests.debug.xcconfig"; path = "Target Support Files/Pods-AHS20Tests/Pods-AHS20Tests.debug.xcconfig"; sourceTree = "<group>"; };
		2FCF37F53DEBD054FFAE137F /* Pods_AHS20_AHS20UITests.framework */ = {isa = PBXFileReference; explicitFileType = wrapper.framework; includeInIndex = 0; path = Pods_AHS20_AHS20UITests.framework; sourceTree = BUILT_PRODUCTS_DIR; };
		330B4D4C2484CA4C001087E9 /* NotificationSettingsWrapper.swift */ = {isa = PBXFileReference; lastKnownFileType = sourcecode.swift; path = NotificationSettingsWrapper.swift; sourceTree = "<group>"; };
		330D3E0C241D5E8C007D0628 /* AHS.app */ = {isa = PBXFileReference; explicitFileType = wrapper.application; includeInIndex = 0; path = AHS.app; sourceTree = BUILT_PRODUCTS_DIR; };
		330D3E0F241D5E8C007D0628 /* AppDelegate.swift */ = {isa = PBXFileReference; lastKnownFileType = sourcecode.swift; path = AppDelegate.swift; sourceTree = "<group>"; };
		330D3E11241D5E8C007D0628 /* SceneDelegate.swift */ = {isa = PBXFileReference; lastKnownFileType = sourcecode.swift; path = SceneDelegate.swift; sourceTree = "<group>"; };
		330D3E13241D5E8C007D0628 /* homePage.swift */ = {isa = PBXFileReference; indentWidth = 6; lastKnownFileType = sourcecode.swift; path = homePage.swift; sourceTree = "<group>"; usesTabs = 1; };
		330D3E16241D5E8C007D0628 /* Base */ = {isa = PBXFileReference; lastKnownFileType = file.storyboard; name = Base; path = Base.lproj/Main.storyboard; sourceTree = "<group>"; };
		330D3E18241D5E8D007D0628 /* Assets.xcassets */ = {isa = PBXFileReference; lastKnownFileType = folder.assetcatalog; path = Assets.xcassets; sourceTree = "<group>"; };
		330D3E1B241D5E8D007D0628 /* Base */ = {isa = PBXFileReference; lastKnownFileType = file.storyboard; name = Base; path = Base.lproj/LaunchScreen.storyboard; sourceTree = "<group>"; };
		330D3E1D241D5E8D007D0628 /* Info.plist */ = {isa = PBXFileReference; lastKnownFileType = text.plist.xml; path = Info.plist; sourceTree = "<group>"; };
		330D3E22241D5E8D007D0628 /* AHS20Tests.xctest */ = {isa = PBXFileReference; explicitFileType = wrapper.cfbundle; includeInIndex = 0; path = AHS20Tests.xctest; sourceTree = BUILT_PRODUCTS_DIR; };
		330D3E26241D5E8D007D0628 /* AHS20Tests.swift */ = {isa = PBXFileReference; lastKnownFileType = sourcecode.swift; path = AHS20Tests.swift; sourceTree = "<group>"; };
		330D3E28241D5E8D007D0628 /* Info.plist */ = {isa = PBXFileReference; lastKnownFileType = text.plist.xml; path = Info.plist; sourceTree = "<group>"; };
		330D3E2D241D5E8D007D0628 /* AHS20UITests.xctest */ = {isa = PBXFileReference; explicitFileType = wrapper.cfbundle; includeInIndex = 0; path = AHS20UITests.xctest; sourceTree = BUILT_PRODUCTS_DIR; };
		330D3E31241D5E8D007D0628 /* AHS20UITests.swift */ = {isa = PBXFileReference; lastKnownFileType = sourcecode.swift; path = AHS20UITests.swift; sourceTree = "<group>"; };
		330D3E33241D5E8D007D0628 /* Info.plist */ = {isa = PBXFileReference; lastKnownFileType = text.plist.xml; path = Info.plist; sourceTree = "<group>"; };
		331793F12464FEF5007CF7B7 /* notificationSettings.swift */ = {isa = PBXFileReference; lastKnownFileType = sourcecode.swift; path = notificationSettings.swift; sourceTree = "<group>"; };
		333AD720161C30D24A5F236D /* Pods_AHS20Tests.framework */ = {isa = PBXFileReference; explicitFileType = wrapper.framework; includeInIndex = 0; path = Pods_AHS20Tests.framework; sourceTree = BUILT_PRODUCTS_DIR; };
		3343E25C244D0D1B0009D136 /* SFProDisplay-Black.ttf */ = {isa = PBXFileReference; lastKnownFileType = file; path = "SFProDisplay-Black.ttf"; sourceTree = "<group>"; };
		3343E260244D0DD30009D136 /* SFProDisplay-Semibold.ttf */ = {isa = PBXFileReference; lastKnownFileType = file; path = "SFProDisplay-Semibold.ttf"; sourceTree = "<group>"; };
		3343E264244D0DD80009D136 /* SFProText-Bold.ttf */ = {isa = PBXFileReference; lastKnownFileType = file; path = "SFProText-Bold.ttf"; sourceTree = "<group>"; };
		3343E268244D0E7E0009D136 /* SFProDisplay-Regular.ttf */ = {isa = PBXFileReference; lastKnownFileType = file; path = "SFProDisplay-Regular.ttf"; sourceTree = "<group>"; };
		334E1EF8241DB50000D482B4 /* Assets */ = {isa = PBXFileReference; lastKnownFileType = folder; name = Assets; path = ../../Assets; sourceTree = "<group>"; };
		3354C8D724664AA5008C0F67 /* termsandagreementsPage.swift */ = {isa = PBXFileReference; lastKnownFileType = sourcecode.swift; path = termsandagreementsPage.swift; sourceTree = "<group>"; };
		3354C8D924664C9B008C0F67 /* creditsPage.swift */ = {isa = PBXFileReference; lastKnownFileType = sourcecode.swift; path = creditsPage.swift; sourceTree = "<group>"; };
		33B77F2B249ED23300A74B3A /* notificationFunc.swift */ = {isa = PBXFileReference; lastKnownFileType = sourcecode.swift; path = notificationFunc.swift; sourceTree = "<group>"; };
		33B77F2D249ED26F00A74B3A /* savedArticleClass.swift */ = {isa = PBXFileReference; lastKnownFileType = sourcecode.swift; path = savedArticleClass.swift; sourceTree = "<group>"; };
		33B77F2F249ED2B200A74B3A /* epochClass.swift */ = {isa = PBXFileReference; lastKnownFileType = sourcecode.swift; path = epochClass.swift; sourceTree = "<group>"; };
		33B77F31249ED2E500A74B3A /* extensions.swift */ = {isa = PBXFileReference; lastKnownFileType = sourcecode.swift; path = extensions.swift; sourceTree = "<group>"; };
		33CB33CC24BC0F11005BB736 /* bulletinFunc.swift */ = {isa = PBXFileReference; lastKnownFileType = sourcecode.swift; path = bulletinFunc.swift; sourceTree = "<group>"; };
		33CD41B32453ECAB008E6558 /* savedPage.swift */ = {isa = PBXFileReference; fileEncoding = 4; lastKnownFileType = sourcecode.swift; path = savedPage.swift; sourceTree = "<group>"; };
		33CD41B72453ED78008E6558 /* notificationsPage.swift */ = {isa = PBXFileReference; lastKnownFileType = sourcecode.swift; path = notificationsPage.swift; sourceTree = "<group>"; };
		33CF84AE24512CB500F8872A /* HARLOWSI.ttf */ = {isa = PBXFileReference; lastKnownFileType = file; path = HARLOWSI.ttf; sourceTree = "<group>"; };
		33E46F31248987790058128B /* AHS.entitlements */ = {isa = PBXFileReference; lastKnownFileType = text.plist.entitlements; path = AHS.entitlements; sourceTree = "<group>"; };
		33E69201243ACA970004E2F1 /* CustomUITabController.swift */ = {isa = PBXFileReference; lastKnownFileType = sourcecode.swift; path = CustomUITabController.swift; sourceTree = "<group>"; };
		33E69203243AD1F20004E2F1 /* bulletinPage.swift */ = {isa = PBXFileReference; lastKnownFileType = sourcecode.swift; path = bulletinPage.swift; sourceTree = "<group>"; };
		33E69207243AD21F0004E2F1 /* settingPage.swift */ = {isa = PBXFileReference; lastKnownFileType = sourcecode.swift; path = settingPage.swift; sourceTree = "<group>"; };
		33E80ED8244FBBB900020640 /* articlePage.swift */ = {isa = PBXFileReference; lastKnownFileType = sourcecode.swift; path = articlePage.swift; sourceTree = "<group>"; };
		33E80EDA244FD76900020640 /* general.swift */ = {isa = PBXFileReference; lastKnownFileType = sourcecode.swift; path = general.swift; sourceTree = "<group>"; };
		33FAC3F324C0115700684537 /* hrefFunctions.swift */ = {isa = PBXFileReference; lastKnownFileType = sourcecode.swift; path = hrefFunctions.swift; sourceTree = "<group>"; };
		33FB5EAD248F32210059EE61 /* GoogleService-Info.plist */ = {isa = PBXFileReference; fileEncoding = 4; lastKnownFileType = text.plist.xml; path = "GoogleService-Info.plist"; sourceTree = "<group>"; };
		74699537C115D26155EF5650 /* Pods-AHS20-AHS20UITests.release.xcconfig */ = {isa = PBXFileReference; includeInIndex = 1; lastKnownFileType = text.xcconfig; name = "Pods-AHS20-AHS20UITests.release.xcconfig"; path = "Target Support Files/Pods-AHS20-AHS20UITests/Pods-AHS20-AHS20UITests.release.xcconfig"; sourceTree = "<group>"; };
		8435FB9CC697DFCCBEF005AE /* Pods_AHS20.framework */ = {isa = PBXFileReference; explicitFileType = wrapper.framework; includeInIndex = 0; path = Pods_AHS20.framework; sourceTree = BUILT_PRODUCTS_DIR; };
		99F130CDC1BAEAB3D466C758 /* Pods-AHS20-AHS20UITests.debug.xcconfig */ = {isa = PBXFileReference; includeInIndex = 1; lastKnownFileType = text.xcconfig; name = "Pods-AHS20-AHS20UITests.debug.xcconfig"; path = "Target Support Files/Pods-AHS20-AHS20UITests/Pods-AHS20-AHS20UITests.debug.xcconfig"; sourceTree = "<group>"; };
		ECE7EDC3387AA51878081BDA /* Pods-AHS20.debug.xcconfig */ = {isa = PBXFileReference; includeInIndex = 1; lastKnownFileType = text.xcconfig; name = "Pods-AHS20.debug.xcconfig"; path = "Target Support Files/Pods-AHS20/Pods-AHS20.debug.xcconfig"; sourceTree = "<group>"; };
/* End PBXFileReference section */

/* Begin PBXFrameworksBuildPhase section */
		330D3E09241D5E8C007D0628 /* Frameworks */ = {
			isa = PBXFrameworksBuildPhase;
			buildActionMask = 2147483647;
			files = (
				E406DBEA3DD0D37A9C4F2DBB /* Pods_AHS20.framework in Frameworks */,
			);
			runOnlyForDeploymentPostprocessing = 0;
		};
		330D3E1F241D5E8D007D0628 /* Frameworks */ = {
			isa = PBXFrameworksBuildPhase;
			buildActionMask = 2147483647;
			files = (
				64134687E6F71D55D287A00B /* Pods_AHS20Tests.framework in Frameworks */,
			);
			runOnlyForDeploymentPostprocessing = 0;
		};
		330D3E2A241D5E8D007D0628 /* Frameworks */ = {
			isa = PBXFrameworksBuildPhase;
			buildActionMask = 2147483647;
			files = (
				03D90C432C58398DAAFD15A5 /* Pods_AHS20_AHS20UITests.framework in Frameworks */,
			);
			runOnlyForDeploymentPostprocessing = 0;
		};
/* End PBXFrameworksBuildPhase section */

/* Begin PBXGroup section */
		100F6160545B65DFF7AA5E78 /* Pods */ = {
			isa = PBXGroup;
			children = (
				ECE7EDC3387AA51878081BDA /* Pods-AHS20.debug.xcconfig */,
				060D98B3340FC7258FF4C04C /* Pods-AHS20.release.xcconfig */,
				99F130CDC1BAEAB3D466C758 /* Pods-AHS20-AHS20UITests.debug.xcconfig */,
				74699537C115D26155EF5650 /* Pods-AHS20-AHS20UITests.release.xcconfig */,
				17C723ECCC56EA9B30FF6456 /* Pods-AHS20Tests.debug.xcconfig */,
				08ACA3FA6EC26EC03C1FF4C6 /* Pods-AHS20Tests.release.xcconfig */,
			);
			path = Pods;
			sourceTree = "<group>";
		};
		330D3E03241D5E8B007D0628 = {
			isa = PBXGroup;
			children = (
				330D3E0E241D5E8C007D0628 /* AHS20 */,
				330D3E25241D5E8D007D0628 /* AHS20Tests */,
				330D3E30241D5E8D007D0628 /* AHS20UITests */,
				330D3E0D241D5E8C007D0628 /* Products */,
				100F6160545B65DFF7AA5E78 /* Pods */,
				63D54709C3A359A01E059023 /* Frameworks */,
			);
			sourceTree = "<group>";
		};
		330D3E0D241D5E8C007D0628 /* Products */ = {
			isa = PBXGroup;
			children = (
				330D3E0C241D5E8C007D0628 /* AHS.app */,
				330D3E22241D5E8D007D0628 /* AHS20Tests.xctest */,
				330D3E2D241D5E8D007D0628 /* AHS20UITests.xctest */,
			);
			name = Products;
			sourceTree = "<group>";
		};
		330D3E0E241D5E8C007D0628 /* AHS20 */ = {
			isa = PBXGroup;
			children = (
				33E46F31248987790058128B /* AHS.entitlements */,
				330D3E0F241D5E8C007D0628 /* AppDelegate.swift */,
				330D3E11241D5E8C007D0628 /* SceneDelegate.swift */,
				33E69201243ACA970004E2F1 /* CustomUITabController.swift */,
				330D3E13241D5E8C007D0628 /* homePage.swift */,
				33E69203243AD1F20004E2F1 /* bulletinPage.swift */,
				33CD41B32453ECAB008E6558 /* savedPage.swift */,
				33E69207243AD21F0004E2F1 /* settingPage.swift */,
				331793F12464FEF5007CF7B7 /* notificationSettings.swift */,
				330B4D4C2484CA4C001087E9 /* NotificationSettingsWrapper.swift */,
				3354C8D724664AA5008C0F67 /* termsandagreementsPage.swift */,
				3354C8D924664C9B008C0F67 /* creditsPage.swift */,
				33E80ED8244FBBB900020640 /* articlePage.swift */,
				33CD41B72453ED78008E6558 /* notificationsPage.swift */,
				33B77F2A249ED1D500A74B3A /* Shared Functions */,
				330D3E15241D5E8C007D0628 /* Main.storyboard */,
				330D3E1A241D5E8D007D0628 /* LaunchScreen.storyboard */,
				334E1EF8241DB50000D482B4 /* Assets */,
				330D3E18241D5E8D007D0628 /* Assets.xcassets */,
				33FB5EAD248F32210059EE61 /* GoogleService-Info.plist */,
				330D3E1D241D5E8D007D0628 /* Info.plist */,
				3343E268244D0E7E0009D136 /* SFProDisplay-Regular.ttf */,
				3343E25C244D0D1B0009D136 /* SFProDisplay-Black.ttf */,
				3343E264244D0DD80009D136 /* SFProText-Bold.ttf */,
				3343E260244D0DD30009D136 /* SFProDisplay-Semibold.ttf */,
				33CF84AE24512CB500F8872A /* HARLOWSI.ttf */,
			);
			path = AHS20;
			sourceTree = "<group>";
		};
		330D3E25241D5E8D007D0628 /* AHS20Tests */ = {
			isa = PBXGroup;
			children = (
				330D3E26241D5E8D007D0628 /* AHS20Tests.swift */,
				330D3E28241D5E8D007D0628 /* Info.plist */,
			);
			path = AHS20Tests;
			sourceTree = "<group>";
		};
		330D3E30241D5E8D007D0628 /* AHS20UITests */ = {
			isa = PBXGroup;
			children = (
				330D3E31241D5E8D007D0628 /* AHS20UITests.swift */,
				330D3E33241D5E8D007D0628 /* Info.plist */,
			);
			path = AHS20UITests;
			sourceTree = "<group>";
		};
		33B77F2A249ED1D500A74B3A /* Shared Functions */ = {
			isa = PBXGroup;
			children = (
				33E80EDA244FD76900020640 /* general.swift */,
				33B77F2B249ED23300A74B3A /* notificationFunc.swift */,
				33B77F2D249ED26F00A74B3A /* savedArticleClass.swift */,
				33B77F2F249ED2B200A74B3A /* epochClass.swift */,
				33B77F31249ED2E500A74B3A /* extensions.swift */,
				33CB33CC24BC0F11005BB736 /* bulletinFunc.swift */,
				33FAC3F324C0115700684537 /* hrefFunctions.swift */,
			);
			path = "Shared Functions";
			sourceTree = "<group>";
		};
		63D54709C3A359A01E059023 /* Frameworks */ = {
			isa = PBXGroup;
			children = (
				8435FB9CC697DFCCBEF005AE /* Pods_AHS20.framework */,
				2FCF37F53DEBD054FFAE137F /* Pods_AHS20_AHS20UITests.framework */,
				333AD720161C30D24A5F236D /* Pods_AHS20Tests.framework */,
			);
			name = Frameworks;
			sourceTree = "<group>";
		};
/* End PBXGroup section */

/* Begin PBXNativeTarget section */
		330D3E0B241D5E8C007D0628 /* AHS20 */ = {
			isa = PBXNativeTarget;
			buildConfigurationList = 330D3E36241D5E8D007D0628 /* Build configuration list for PBXNativeTarget "AHS20" */;
			buildPhases = (
				4A42806BD4B2D9989ED072DF /* [CP] Check Pods Manifest.lock */,
				330D3E08241D5E8C007D0628 /* Sources */,
				330D3E09241D5E8C007D0628 /* Frameworks */,
				330D3E0A241D5E8C007D0628 /* Resources */,
				00C77731DCD0994B1DCF7211 /* [CP] Embed Pods Frameworks */,
			);
			buildRules = (
			);
			dependencies = (
			);
			name = AHS20;
			productName = AHS20;
			productReference = 330D3E0C241D5E8C007D0628 /* AHS.app */;
			productType = "com.apple.product-type.application";
		};
		330D3E21241D5E8D007D0628 /* AHS20Tests */ = {
			isa = PBXNativeTarget;
			buildConfigurationList = 330D3E39241D5E8D007D0628 /* Build configuration list for PBXNativeTarget "AHS20Tests" */;
			buildPhases = (
				82B26AED0BCA3923F8E49432 /* [CP] Check Pods Manifest.lock */,
				330D3E1E241D5E8D007D0628 /* Sources */,
				330D3E1F241D5E8D007D0628 /* Frameworks */,
				330D3E20241D5E8D007D0628 /* Resources */,
			);
			buildRules = (
			);
			dependencies = (
				330D3E24241D5E8D007D0628 /* PBXTargetDependency */,
			);
			name = AHS20Tests;
			productName = AHS20Tests;
			productReference = 330D3E22241D5E8D007D0628 /* AHS20Tests.xctest */;
			productType = "com.apple.product-type.bundle.unit-test";
		};
		330D3E2C241D5E8D007D0628 /* AHS20UITests */ = {
			isa = PBXNativeTarget;
			buildConfigurationList = 330D3E3C241D5E8D007D0628 /* Build configuration list for PBXNativeTarget "AHS20UITests" */;
			buildPhases = (
				7DC667B0D35A2AF621AC7962 /* [CP] Check Pods Manifest.lock */,
				330D3E29241D5E8D007D0628 /* Sources */,
				330D3E2A241D5E8D007D0628 /* Frameworks */,
				330D3E2B241D5E8D007D0628 /* Resources */,
				5D8D6E636707C6A80C6C75B0 /* [CP] Embed Pods Frameworks */,
			);
			buildRules = (
			);
			dependencies = (
				330D3E2F241D5E8D007D0628 /* PBXTargetDependency */,
			);
			name = AHS20UITests;
			productName = AHS20UITests;
			productReference = 330D3E2D241D5E8D007D0628 /* AHS20UITests.xctest */;
			productType = "com.apple.product-type.bundle.ui-testing";
		};
/* End PBXNativeTarget section */

/* Begin PBXProject section */
		330D3E04241D5E8B007D0628 /* Project object */ = {
			isa = PBXProject;
			attributes = {
				LastSwiftUpdateCheck = 1130;
				LastUpgradeCheck = 1130;
				ORGANIZATIONNAME = AHS;
				TargetAttributes = {
					330D3E0B241D5E8C007D0628 = {
						CreatedOnToolsVersion = 11.3.1;
					};
					330D3E21241D5E8D007D0628 = {
						CreatedOnToolsVersion = 11.3.1;
						TestTargetID = 330D3E0B241D5E8C007D0628;
					};
					330D3E2C241D5E8D007D0628 = {
						CreatedOnToolsVersion = 11.3.1;
						TestTargetID = 330D3E0B241D5E8C007D0628;
					};
				};
			};
			buildConfigurationList = 330D3E07241D5E8B007D0628 /* Build configuration list for PBXProject "AHS20" */;
			compatibilityVersion = "Xcode 9.3";
			developmentRegion = en;
			hasScannedForEncodings = 0;
			knownRegions = (
				en,
				Base,
			);
			mainGroup = 330D3E03241D5E8B007D0628;
			productRefGroup = 330D3E0D241D5E8C007D0628 /* Products */;
			projectDirPath = "";
			projectRoot = "";
			targets = (
				330D3E0B241D5E8C007D0628 /* AHS20 */,
				330D3E21241D5E8D007D0628 /* AHS20Tests */,
				330D3E2C241D5E8D007D0628 /* AHS20UITests */,
			);
		};
/* End PBXProject section */

/* Begin PBXResourcesBuildPhase section */
		330D3E0A241D5E8C007D0628 /* Resources */ = {
			isa = PBXResourcesBuildPhase;
			buildActionMask = 2147483647;
			files = (
				330D3E1C241D5E8D007D0628 /* LaunchScreen.storyboard in Resources */,
				3343E261244D0DD30009D136 /* SFProDisplay-Semibold.ttf in Resources */,
				33CF84AF24512CB500F8872A /* HARLOWSI.ttf in Resources */,
				334E1EF9241DB50000D482B4 /* Assets in Resources */,
				3343E269244D0E7E0009D136 /* SFProDisplay-Regular.ttf in Resources */,
				3343E25D244D0D1B0009D136 /* SFProDisplay-Black.ttf in Resources */,
				330D3E19241D5E8D007D0628 /* Assets.xcassets in Resources */,
				33FB5EAE248F32210059EE61 /* GoogleService-Info.plist in Resources */,
				330D3E17241D5E8C007D0628 /* Main.storyboard in Resources */,
				3343E265244D0DD80009D136 /* SFProText-Bold.ttf in Resources */,
			);
			runOnlyForDeploymentPostprocessing = 0;
		};
		330D3E20241D5E8D007D0628 /* Resources */ = {
			isa = PBXResourcesBuildPhase;
			buildActionMask = 2147483647;
			files = (
				33CF84B024512CB500F8872A /* HARLOWSI.ttf in Resources */,
				3343E25E244D0D1B0009D136 /* SFProDisplay-Black.ttf in Resources */,
				3343E266244D0DD80009D136 /* SFProText-Bold.ttf in Resources */,
				3343E262244D0DD30009D136 /* SFProDisplay-Semibold.ttf in Resources */,
				3343E26A244D0E7E0009D136 /* SFProDisplay-Regular.ttf in Resources */,
				33FB5EAF248F32210059EE61 /* GoogleService-Info.plist in Resources */,
			);
			runOnlyForDeploymentPostprocessing = 0;
		};
		330D3E2B241D5E8D007D0628 /* Resources */ = {
			isa = PBXResourcesBuildPhase;
			buildActionMask = 2147483647;
			files = (
				33CF84B124512CB500F8872A /* HARLOWSI.ttf in Resources */,
				3343E25F244D0D1B0009D136 /* SFProDisplay-Black.ttf in Resources */,
				3343E267244D0DD80009D136 /* SFProText-Bold.ttf in Resources */,
				3343E263244D0DD30009D136 /* SFProDisplay-Semibold.ttf in Resources */,
				3343E26B244D0E7E0009D136 /* SFProDisplay-Regular.ttf in Resources */,
				33FB5EB0248F32210059EE61 /* GoogleService-Info.plist in Resources */,
			);
			runOnlyForDeploymentPostprocessing = 0;
		};
/* End PBXResourcesBuildPhase section */

/* Begin PBXShellScriptBuildPhase section */
		00C77731DCD0994B1DCF7211 /* [CP] Embed Pods Frameworks */ = {
			isa = PBXShellScriptBuildPhase;
			buildActionMask = 2147483647;
			files = (
			);
			inputFileListPaths = (
				"${PODS_ROOT}/Target Support Files/Pods-AHS20/Pods-AHS20-frameworks-${CONFIGURATION}-input-files.xcfilelist",
			);
			name = "[CP] Embed Pods Frameworks";
			outputFileListPaths = (
				"${PODS_ROOT}/Target Support Files/Pods-AHS20/Pods-AHS20-frameworks-${CONFIGURATION}-output-files.xcfilelist",
			);
			runOnlyForDeploymentPostprocessing = 0;
			shellPath = /bin/sh;
			shellScript = "\"${PODS_ROOT}/Target Support Files/Pods-AHS20/Pods-AHS20-frameworks.sh\"\n";
			showEnvVarsInLog = 0;
		};
		4A42806BD4B2D9989ED072DF /* [CP] Check Pods Manifest.lock */ = {
			isa = PBXShellScriptBuildPhase;
			buildActionMask = 2147483647;
			files = (
			);
			inputFileListPaths = (
			);
			inputPaths = (
				"${PODS_PODFILE_DIR_PATH}/Podfile.lock",
				"${PODS_ROOT}/Manifest.lock",
			);
			name = "[CP] Check Pods Manifest.lock";
			outputFileListPaths = (
			);
			outputPaths = (
				"$(DERIVED_FILE_DIR)/Pods-AHS20-checkManifestLockResult.txt",
			);
			runOnlyForDeploymentPostprocessing = 0;
			shellPath = /bin/sh;
			shellScript = "diff \"${PODS_PODFILE_DIR_PATH}/Podfile.lock\" \"${PODS_ROOT}/Manifest.lock\" > /dev/null\nif [ $? != 0 ] ; then\n    # print error to STDERR\n    echo \"error: The sandbox is not in sync with the Podfile.lock. Run 'pod install' or update your CocoaPods installation.\" >&2\n    exit 1\nfi\n# This output is used by Xcode 'outputs' to avoid re-running this script phase.\necho \"SUCCESS\" > \"${SCRIPT_OUTPUT_FILE_0}\"\n";
			showEnvVarsInLog = 0;
		};
		5D8D6E636707C6A80C6C75B0 /* [CP] Embed Pods Frameworks */ = {
			isa = PBXShellScriptBuildPhase;
			buildActionMask = 2147483647;
			files = (
			);
			inputFileListPaths = (
				"${PODS_ROOT}/Target Support Files/Pods-AHS20-AHS20UITests/Pods-AHS20-AHS20UITests-frameworks-${CONFIGURATION}-input-files.xcfilelist",
			);
			name = "[CP] Embed Pods Frameworks";
			outputFileListPaths = (
				"${PODS_ROOT}/Target Support Files/Pods-AHS20-AHS20UITests/Pods-AHS20-AHS20UITests-frameworks-${CONFIGURATION}-output-files.xcfilelist",
			);
			runOnlyForDeploymentPostprocessing = 0;
			shellPath = /bin/sh;
			shellScript = "\"${PODS_ROOT}/Target Support Files/Pods-AHS20-AHS20UITests/Pods-AHS20-AHS20UITests-frameworks.sh\"\n";
			showEnvVarsInLog = 0;
		};
		7DC667B0D35A2AF621AC7962 /* [CP] Check Pods Manifest.lock */ = {
			isa = PBXShellScriptBuildPhase;
			buildActionMask = 2147483647;
			files = (
			);
			inputFileListPaths = (
			);
			inputPaths = (
				"${PODS_PODFILE_DIR_PATH}/Podfile.lock",
				"${PODS_ROOT}/Manifest.lock",
			);
			name = "[CP] Check Pods Manifest.lock";
			outputFileListPaths = (
			);
			outputPaths = (
				"$(DERIVED_FILE_DIR)/Pods-AHS20-AHS20UITests-checkManifestLockResult.txt",
			);
			runOnlyForDeploymentPostprocessing = 0;
			shellPath = /bin/sh;
			shellScript = "diff \"${PODS_PODFILE_DIR_PATH}/Podfile.lock\" \"${PODS_ROOT}/Manifest.lock\" > /dev/null\nif [ $? != 0 ] ; then\n    # print error to STDERR\n    echo \"error: The sandbox is not in sync with the Podfile.lock. Run 'pod install' or update your CocoaPods installation.\" >&2\n    exit 1\nfi\n# This output is used by Xcode 'outputs' to avoid re-running this script phase.\necho \"SUCCESS\" > \"${SCRIPT_OUTPUT_FILE_0}\"\n";
			showEnvVarsInLog = 0;
		};
		82B26AED0BCA3923F8E49432 /* [CP] Check Pods Manifest.lock */ = {
			isa = PBXShellScriptBuildPhase;
			buildActionMask = 2147483647;
			files = (
			);
			inputFileListPaths = (
			);
			inputPaths = (
				"${PODS_PODFILE_DIR_PATH}/Podfile.lock",
				"${PODS_ROOT}/Manifest.lock",
			);
			name = "[CP] Check Pods Manifest.lock";
			outputFileListPaths = (
			);
			outputPaths = (
				"$(DERIVED_FILE_DIR)/Pods-AHS20Tests-checkManifestLockResult.txt",
			);
			runOnlyForDeploymentPostprocessing = 0;
			shellPath = /bin/sh;
			shellScript = "diff \"${PODS_PODFILE_DIR_PATH}/Podfile.lock\" \"${PODS_ROOT}/Manifest.lock\" > /dev/null\nif [ $? != 0 ] ; then\n    # print error to STDERR\n    echo \"error: The sandbox is not in sync with the Podfile.lock. Run 'pod install' or update your CocoaPods installation.\" >&2\n    exit 1\nfi\n# This output is used by Xcode 'outputs' to avoid re-running this script phase.\necho \"SUCCESS\" > \"${SCRIPT_OUTPUT_FILE_0}\"\n";
			showEnvVarsInLog = 0;
		};
/* End PBXShellScriptBuildPhase section */

/* Begin PBXSourcesBuildPhase section */
		330D3E08241D5E8C007D0628 /* Sources */ = {
			isa = PBXSourcesBuildPhase;
			buildActionMask = 2147483647;
			files = (
				33B77F2C249ED23300A74B3A /* notificationFunc.swift in Sources */,
				3354C8DA24664C9B008C0F67 /* creditsPage.swift in Sources */,
				33CB33CD24BC0F11005BB736 /* bulletinFunc.swift in Sources */,
				33B77F30249ED2B200A74B3A /* epochClass.swift in Sources */,
				330D3E14241D5E8C007D0628 /* homePage.swift in Sources */,
				33CD41B82453ED78008E6558 /* notificationsPage.swift in Sources */,
				33B77F32249ED2E500A74B3A /* extensions.swift in Sources */,
				330D3E10241D5E8C007D0628 /* AppDelegate.swift in Sources */,
				33E69208243AD21F0004E2F1 /* settingPage.swift in Sources */,
				33E69202243ACA970004E2F1 /* CustomUITabController.swift in Sources */,
				3354C8D824664AA5008C0F67 /* termsandagreementsPage.swift in Sources */,
				33CD41B42453ECAB008E6558 /* savedPage.swift in Sources */,
				33E80EDB244FD76900020640 /* general.swift in Sources */,
				33E80ED9244FBBB900020640 /* articlePage.swift in Sources */,
				330D3E12241D5E8C007D0628 /* SceneDelegate.swift in Sources */,
				330B4D4D2484CA4C001087E9 /* NotificationSettingsWrapper.swift in Sources */,
				33FAC3F424C0115700684537 /* hrefFunctions.swift in Sources */,
				331793F22464FEF5007CF7B7 /* notificationSettings.swift in Sources */,
				33E69204243AD1F20004E2F1 /* bulletinPage.swift in Sources */,
				33B77F2E249ED26F00A74B3A /* savedArticleClass.swift in Sources */,
			);
			runOnlyForDeploymentPostprocessing = 0;
		};
		330D3E1E241D5E8D007D0628 /* Sources */ = {
			isa = PBXSourcesBuildPhase;
			buildActionMask = 2147483647;
			files = (
				33CD41B92453ED78008E6558 /* notificationsPage.swift in Sources */,
				33CD41B52453ECAB008E6558 /* savedPage.swift in Sources */,
				330D3E27241D5E8D007D0628 /* AHS20Tests.swift in Sources */,
			);
			runOnlyForDeploymentPostprocessing = 0;
		};
		330D3E29241D5E8D007D0628 /* Sources */ = {
			isa = PBXSourcesBuildPhase;
			buildActionMask = 2147483647;
			files = (
				33CD41BA2453ED78008E6558 /* notificationsPage.swift in Sources */,
				33CD41B62453ECAB008E6558 /* savedPage.swift in Sources */,
				330D3E32241D5E8D007D0628 /* AHS20UITests.swift in Sources */,
			);
			runOnlyForDeploymentPostprocessing = 0;
		};
/* End PBXSourcesBuildPhase section */

/* Begin PBXTargetDependency section */
		330D3E24241D5E8D007D0628 /* PBXTargetDependency */ = {
			isa = PBXTargetDependency;
			target = 330D3E0B241D5E8C007D0628 /* AHS20 */;
			targetProxy = 330D3E23241D5E8D007D0628 /* PBXContainerItemProxy */;
		};
		330D3E2F241D5E8D007D0628 /* PBXTargetDependency */ = {
			isa = PBXTargetDependency;
			target = 330D3E0B241D5E8C007D0628 /* AHS20 */;
			targetProxy = 330D3E2E241D5E8D007D0628 /* PBXContainerItemProxy */;
		};
/* End PBXTargetDependency section */

/* Begin PBXVariantGroup section */
		330D3E15241D5E8C007D0628 /* Main.storyboard */ = {
			isa = PBXVariantGroup;
			children = (
				330D3E16241D5E8C007D0628 /* Base */,
			);
			name = Main.storyboard;
			sourceTree = "<group>";
		};
		330D3E1A241D5E8D007D0628 /* LaunchScreen.storyboard */ = {
			isa = PBXVariantGroup;
			children = (
				330D3E1B241D5E8D007D0628 /* Base */,
			);
			name = LaunchScreen.storyboard;
			sourceTree = "<group>";
		};
/* End PBXVariantGroup section */

/* Begin XCBuildConfiguration section */
		330D3E34241D5E8D007D0628 /* Debug */ = {
			isa = XCBuildConfiguration;
			buildSettings = {
				ALWAYS_SEARCH_USER_PATHS = NO;
				CLANG_ANALYZER_NONNULL = YES;
				CLANG_ANALYZER_NUMBER_OBJECT_CONVERSION = YES_AGGRESSIVE;
				CLANG_CXX_LANGUAGE_STANDARD = "gnu++14";
				CLANG_CXX_LIBRARY = "libc++";
				CLANG_ENABLE_MODULES = YES;
				CLANG_ENABLE_OBJC_ARC = YES;
				CLANG_ENABLE_OBJC_WEAK = YES;
				CLANG_WARN_BLOCK_CAPTURE_AUTORELEASING = YES;
				CLANG_WARN_BOOL_CONVERSION = YES;
				CLANG_WARN_COMMA = YES;
				CLANG_WARN_CONSTANT_CONVERSION = YES;
				CLANG_WARN_DEPRECATED_OBJC_IMPLEMENTATIONS = YES;
				CLANG_WARN_DIRECT_OBJC_ISA_USAGE = YES_ERROR;
				CLANG_WARN_DOCUMENTATION_COMMENTS = YES;
				CLANG_WARN_EMPTY_BODY = YES;
				CLANG_WARN_ENUM_CONVERSION = YES;
				CLANG_WARN_INFINITE_RECURSION = YES;
				CLANG_WARN_INT_CONVERSION = YES;
				CLANG_WARN_NON_LITERAL_NULL_CONVERSION = YES;
				CLANG_WARN_OBJC_IMPLICIT_RETAIN_SELF = YES;
				CLANG_WARN_OBJC_LITERAL_CONVERSION = YES;
				CLANG_WARN_OBJC_ROOT_CLASS = YES_ERROR;
				CLANG_WARN_RANGE_LOOP_ANALYSIS = YES;
				CLANG_WARN_STRICT_PROTOTYPES = YES;
				CLANG_WARN_SUSPICIOUS_MOVE = YES;
				CLANG_WARN_UNGUARDED_AVAILABILITY = YES_AGGRESSIVE;
				CLANG_WARN_UNREACHABLE_CODE = YES;
				CLANG_WARN__DUPLICATE_METHOD_MATCH = YES;
				COPY_PHASE_STRIP = NO;
				DEBUG_INFORMATION_FORMAT = dwarf;
				ENABLE_STRICT_OBJC_MSGSEND = YES;
				ENABLE_TESTABILITY = YES;
				GCC_C_LANGUAGE_STANDARD = gnu11;
				GCC_DYNAMIC_NO_PIC = NO;
				GCC_NO_COMMON_BLOCKS = YES;
				GCC_OPTIMIZATION_LEVEL = 0;
				GCC_PREPROCESSOR_DEFINITIONS = (
					"DEBUG=1",
					"$(inherited)",
				);
				GCC_WARN_64_TO_32_BIT_CONVERSION = YES;
				GCC_WARN_ABOUT_RETURN_TYPE = YES_ERROR;
				GCC_WARN_UNDECLARED_SELECTOR = YES;
				GCC_WARN_UNINITIALIZED_AUTOS = YES_AGGRESSIVE;
				GCC_WARN_UNUSED_FUNCTION = YES;
				GCC_WARN_UNUSED_VARIABLE = YES;
				IPHONEOS_DEPLOYMENT_TARGET = 13.2;
				MTL_ENABLE_DEBUG_INFO = INCLUDE_SOURCE;
				MTL_FAST_MATH = YES;
				ONLY_ACTIVE_ARCH = YES;
				SDKROOT = iphoneos;
				SWIFT_ACTIVE_COMPILATION_CONDITIONS = DEBUG;
				SWIFT_OPTIMIZATION_LEVEL = "-Onone";
			};
			name = Debug;
		};
		330D3E35241D5E8D007D0628 /* Release */ = {
			isa = XCBuildConfiguration;
			buildSettings = {
				ALWAYS_SEARCH_USER_PATHS = NO;
				CLANG_ANALYZER_NONNULL = YES;
				CLANG_ANALYZER_NUMBER_OBJECT_CONVERSION = YES_AGGRESSIVE;
				CLANG_CXX_LANGUAGE_STANDARD = "gnu++14";
				CLANG_CXX_LIBRARY = "libc++";
				CLANG_ENABLE_MODULES = YES;
				CLANG_ENABLE_OBJC_ARC = YES;
				CLANG_ENABLE_OBJC_WEAK = YES;
				CLANG_WARN_BLOCK_CAPTURE_AUTORELEASING = YES;
				CLANG_WARN_BOOL_CONVERSION = YES;
				CLANG_WARN_COMMA = YES;
				CLANG_WARN_CONSTANT_CONVERSION = YES;
				CLANG_WARN_DEPRECATED_OBJC_IMPLEMENTATIONS = YES;
				CLANG_WARN_DIRECT_OBJC_ISA_USAGE = YES_ERROR;
				CLANG_WARN_DOCUMENTATION_COMMENTS = YES;
				CLANG_WARN_EMPTY_BODY = YES;
				CLANG_WARN_ENUM_CONVERSION = YES;
				CLANG_WARN_INFINITE_RECURSION = YES;
				CLANG_WARN_INT_CONVERSION = YES;
				CLANG_WARN_NON_LITERAL_NULL_CONVERSION = YES;
				CLANG_WARN_OBJC_IMPLICIT_RETAIN_SELF = YES;
				CLANG_WARN_OBJC_LITERAL_CONVERSION = YES;
				CLANG_WARN_OBJC_ROOT_CLASS = YES_ERROR;
				CLANG_WARN_RANGE_LOOP_ANALYSIS = YES;
				CLANG_WARN_STRICT_PROTOTYPES = YES;
				CLANG_WARN_SUSPICIOUS_MOVE = YES;
				CLANG_WARN_UNGUARDED_AVAILABILITY = YES_AGGRESSIVE;
				CLANG_WARN_UNREACHABLE_CODE = YES;
				CLANG_WARN__DUPLICATE_METHOD_MATCH = YES;
				COPY_PHASE_STRIP = NO;
				DEBUG_INFORMATION_FORMAT = "dwarf-with-dsym";
				ENABLE_NS_ASSERTIONS = NO;
				ENABLE_STRICT_OBJC_MSGSEND = YES;
				GCC_C_LANGUAGE_STANDARD = gnu11;
				GCC_NO_COMMON_BLOCKS = YES;
				GCC_WARN_64_TO_32_BIT_CONVERSION = YES;
				GCC_WARN_ABOUT_RETURN_TYPE = YES_ERROR;
				GCC_WARN_UNDECLARED_SELECTOR = YES;
				GCC_WARN_UNINITIALIZED_AUTOS = YES_AGGRESSIVE;
				GCC_WARN_UNUSED_FUNCTION = YES;
				GCC_WARN_UNUSED_VARIABLE = YES;
				IPHONEOS_DEPLOYMENT_TARGET = 13.2;
				MTL_ENABLE_DEBUG_INFO = NO;
				MTL_FAST_MATH = YES;
				SDKROOT = iphoneos;
				SWIFT_COMPILATION_MODE = wholemodule;
				SWIFT_OPTIMIZATION_LEVEL = "-O";
				VALIDATE_PRODUCT = YES;
			};
			name = Release;
		};
		330D3E37241D5E8D007D0628 /* Debug */ = {
			isa = XCBuildConfiguration;
			baseConfigurationReference = ECE7EDC3387AA51878081BDA /* Pods-AHS20.debug.xcconfig */;
			buildSettings = {
				ASSETCATALOG_COMPILER_APPICON_NAME = AppIcon;
				CODE_SIGN_ENTITLEMENTS = AHS20/AHS.entitlements;
				CODE_SIGN_STYLE = Automatic;
				CURRENT_PROJECT_VERSION = 1;
				DEVELOPMENT_TEAM = P5E4JP96ES;
				INFOPLIST_FILE = AHS20/Info.plist;
				IPHONEOS_DEPLOYMENT_TARGET = 13.0;
				LD_RUNPATH_SEARCH_PATHS = (
					"$(inherited)",
					"@executable_path/Frameworks",
				);
				MARKETING_VERSION = 1.3;
				PRODUCT_BUNDLE_IDENTIFIER = hsappdev.AHS20;
				PRODUCT_NAME = AHS;
				SWIFT_VERSION = 5.0;
				TARGETED_DEVICE_FAMILY = 1;
			};
			name = Debug;
		};
		330D3E38241D5E8D007D0628 /* Release */ = {
			isa = XCBuildConfiguration;
			baseConfigurationReference = 060D98B3340FC7258FF4C04C /* Pods-AHS20.release.xcconfig */;
			buildSettings = {
				ASSETCATALOG_COMPILER_APPICON_NAME = AppIcon;
				CODE_SIGN_ENTITLEMENTS = AHS20/AHS.entitlements;
				CODE_SIGN_STYLE = Automatic;
				CURRENT_PROJECT_VERSION = 1;
				DEVELOPMENT_TEAM = P5E4JP96ES;
				INFOPLIST_FILE = AHS20/Info.plist;
				IPHONEOS_DEPLOYMENT_TARGET = 13.0;
				LD_RUNPATH_SEARCH_PATHS = (
					"$(inherited)",
					"@executable_path/Frameworks",
				);
				MARKETING_VERSION = 1.3;
				PRODUCT_BUNDLE_IDENTIFIER = hsappdev.AHS20;
				PRODUCT_NAME = AHS;
				SWIFT_VERSION = 5.0;
				TARGETED_DEVICE_FAMILY = 1;
			};
			name = Release;
		};
		330D3E3A241D5E8D007D0628 /* Debug */ = {
			isa = XCBuildConfiguration;
			baseConfigurationReference = 17C723ECCC56EA9B30FF6456 /* Pods-AHS20Tests.debug.xcconfig */;
			buildSettings = {
				ALWAYS_EMBED_SWIFT_STANDARD_LIBRARIES = YES;
				BUNDLE_LOADER = "$(TEST_HOST)";
				CODE_SIGN_STYLE = Automatic;
				INFOPLIST_FILE = AHS20Tests/Info.plist;
				IPHONEOS_DEPLOYMENT_TARGET = 13.2;
				LD_RUNPATH_SEARCH_PATHS = (
					"$(inherited)",
					"@executable_path/Frameworks",
					"@loader_path/Frameworks",
				);
				PRODUCT_BUNDLE_IDENTIFIER = hsappdev.AHS20Tests;
				PRODUCT_NAME = "$(TARGET_NAME)";
				SWIFT_VERSION = 5.0;
				TARGETED_DEVICE_FAMILY = "1,2";
				TEST_HOST = "$(BUILT_PRODUCTS_DIR)/AHS20.app/AHS20";
			};
			name = Debug;
		};
		330D3E3B241D5E8D007D0628 /* Release */ = {
			isa = XCBuildConfiguration;
			baseConfigurationReference = 08ACA3FA6EC26EC03C1FF4C6 /* Pods-AHS20Tests.release.xcconfig */;
			buildSettings = {
				ALWAYS_EMBED_SWIFT_STANDARD_LIBRARIES = YES;
				BUNDLE_LOADER = "$(TEST_HOST)";
				CODE_SIGN_STYLE = Automatic;
				INFOPLIST_FILE = AHS20Tests/Info.plist;
				IPHONEOS_DEPLOYMENT_TARGET = 13.2;
				LD_RUNPATH_SEARCH_PATHS = (
					"$(inherited)",
					"@executable_path/Frameworks",
					"@loader_path/Frameworks",
				);
				PRODUCT_BUNDLE_IDENTIFIER = hsappdev.AHS20Tests;
				PRODUCT_NAME = "$(TARGET_NAME)";
				SWIFT_VERSION = 5.0;
				TARGETED_DEVICE_FAMILY = "1,2";
				TEST_HOST = "$(BUILT_PRODUCTS_DIR)/AHS20.app/AHS20";
			};
			name = Release;
		};
		330D3E3D241D5E8D007D0628 /* Debug */ = {
			isa = XCBuildConfiguration;
			baseConfigurationReference = 99F130CDC1BAEAB3D466C758 /* Pods-AHS20-AHS20UITests.debug.xcconfig */;
			buildSettings = {
				ALWAYS_EMBED_SWIFT_STANDARD_LIBRARIES = YES;
				CODE_SIGN_STYLE = Automatic;
				INFOPLIST_FILE = AHS20UITests/Info.plist;
				LD_RUNPATH_SEARCH_PATHS = (
					"$(inherited)",
					"@executable_path/Frameworks",
					"@loader_path/Frameworks",
				);
				PRODUCT_BUNDLE_IDENTIFIER = hsappdev.AHS20UITests;
				PRODUCT_NAME = "$(TARGET_NAME)";
				SWIFT_VERSION = 5.0;
				TARGETED_DEVICE_FAMILY = "1,2";
				TEST_TARGET_NAME = AHS20;
			};
			name = Debug;
		};
		330D3E3E241D5E8D007D0628 /* Release */ = {
			isa = XCBuildConfiguration;
			baseConfigurationReference = 74699537C115D26155EF5650 /* Pods-AHS20-AHS20UITests.release.xcconfig */;
			buildSettings = {
				ALWAYS_EMBED_SWIFT_STANDARD_LIBRARIES = YES;
				CODE_SIGN_STYLE = Automatic;
				INFOPLIST_FILE = AHS20UITests/Info.plist;
				LD_RUNPATH_SEARCH_PATHS = (
					"$(inherited)",
					"@executable_path/Frameworks",
					"@loader_path/Frameworks",
				);
				PRODUCT_BUNDLE_IDENTIFIER = hsappdev.AHS20UITests;
				PRODUCT_NAME = "$(TARGET_NAME)";
				SWIFT_VERSION = 5.0;
				TARGETED_DEVICE_FAMILY = "1,2";
				TEST_TARGET_NAME = AHS20;
			};
			name = Release;
		};
/* End XCBuildConfiguration section */

/* Begin XCConfigurationList section */
		330D3E07241D5E8B007D0628 /* Build configuration list for PBXProject "AHS20" */ = {
			isa = XCConfigurationList;
			buildConfigurations = (
				330D3E34241D5E8D007D0628 /* Debug */,
				330D3E35241D5E8D007D0628 /* Release */,
			);
			defaultConfigurationIsVisible = 0;
			defaultConfigurationName = Release;
		};
		330D3E36241D5E8D007D0628 /* Build configuration list for PBXNativeTarget "AHS20" */ = {
			isa = XCConfigurationList;
			buildConfigurations = (
				330D3E37241D5E8D007D0628 /* Debug */,
				330D3E38241D5E8D007D0628 /* Release */,
			);
			defaultConfigurationIsVisible = 0;
			defaultConfigurationName = Release;
		};
		330D3E39241D5E8D007D0628 /* Build configuration list for PBXNativeTarget "AHS20Tests" */ = {
			isa = XCConfigurationList;
			buildConfigurations = (
				330D3E3A241D5E8D007D0628 /* Debug */,
				330D3E3B241D5E8D007D0628 /* Release */,
			);
			defaultConfigurationIsVisible = 0;
			defaultConfigurationName = Release;
		};
		330D3E3C241D5E8D007D0628 /* Build configuration list for PBXNativeTarget "AHS20UITests" */ = {
			isa = XCConfigurationList;
			buildConfigurations = (
				330D3E3D241D5E8D007D0628 /* Debug */,
				330D3E3E241D5E8D007D0628 /* Release */,
			);
			defaultConfigurationIsVisible = 0;
			defaultConfigurationName = Release;
		};
/* End XCConfigurationList section */
	};
	rootObject = 330D3E04241D5E8B007D0628 /* Project object */;
}
